
Microsoft Visual Studio Solution File, Format Version 12.00
# Visual Studio Version 16
VisualStudioVersion = 16.0.29728.190
MinimumVisualStudioVersion = 10.0.40219.1
Project("{FAE04EC0-301F-11D3-BF4B-00C04F79EFBC}") = "ExtraSongUI", "ExtraSongUI\ExtraSongUI.csproj", "{6BA711CB-ED1D-49E7-B371-D06CCC215E2C}"
EndProject
Global
	GlobalSection(SolutionConfigurationPlatforms) = preSolution
		Debug|Any CPU = Debug|Any CPU
		Release|Any CPU = Release|Any CPU
	EndGlobalSection
	GlobalSection(ProjectConfigurationPlatforms) = postSolution
		{6BA711CB-ED1D-49E7-B371-D06CCC215E2C}.Debug|Any CPU.ActiveCfg = Debug|Any CPU
		{6BA711CB-ED1D-49E7-B371-D06CCC215E2C}.Debug|Any CPU.Build.0 = Debug|Any CPU
		{6BA711CB-ED1D-49E7-B371-D06CCC215E2C}.Release|Any CPU.ActiveCfg = Release|Any CPU
		{6BA711CB-ED1D-49E7-B371-D06CCC215E2C}.Release|Any CPU.Build.0 = Release|Any CPU
	EndGlobalSection
	GlobalSection(SolutionProperties) = preSolution
		HideSolutionNode = FALSE
	EndGlobalSection
	GlobalSection(ExtensibilityGlobals) = postSolution
		SolutionGuid = {0E09467C-48AA-4A96-B9A6-E9BE7FD1E3BB}
	EndGlobalSection
EndGlobal
