
Microsoft Visual Studio Solution File, Format Version 12.00
# Visual Studio Version 16
VisualStudioVersion = 16.0.29728.190
MinimumVisualStudioVersion = 10.0.40219.1
Project("{FAE04EC0-301F-11D3-BF4B-00C04F79EFBC}") = "ExtraSongUI", "ExtraSongUI\ExtraSongUI.csproj", "{6BA711CB-ED1D-49E7-B371-D06CCC215E2C}"
EndProject
Project("{D954291E-2A0B-460D-934E-DC6B0785DB48}") = "Common", "Common\Common.shproj", "{8BC6874B-773F-4914-AADC-DEE82A721796}"
EndProject
Project("{FAE04EC0-301F-11D3-BF4B-00C04F79EFBC}") = "PerfectMode", "PerfectMode\PerfectMode.csproj", "{1B27BFCC-1305-439E-B304-9F215B75CB16}"
EndProject
Project("{FAE04EC0-301F-11D3-BF4B-00C04F79EFBC}") = "AccuracyIndicator", "AccuracyIndicator\AccuracyIndicator.csproj", "{90FE6B48-8612-42C6-82CC-D49A606BDCBA}"
EndProject
Project("{FAE04EC0-301F-11D3-BF4B-00C04F79EFBC}") = "ComboIndicator", "ComboIndicator\ComboIndicator.csproj", "{55140311-41D2-477C-9DD5-2CAB0C829EF7}"
EndProject
Project("{2150E333-8FDC-42A3-9474-1A3956D46DE8}") = "Solution Items", "Solution Items", "{9E7FE218-A85D-4596-BAD8-B27249C1CE5A}"
	ProjectSection(SolutionItems) = preProject
		.editorconfig = .editorconfig
		versions.txt = versions.txt
	EndProjectSection
EndProject
Project("{FAE04EC0-301F-11D3-BF4B-00C04F79EFBC}") = "AsyncSongScan", "AsyncSongScan\AsyncSongScan.csproj", "{706A2C43-585E-4FE2-834F-AEAEA234735C}"
EndProject
Project("{FAE04EC0-301F-11D3-BF4B-00C04F79EFBC}") = "SplashTextEditor", "SplashTextEditor\SplashTextEditor.csproj", "{BA46AC28-F9CA-48CC-8ABC-AEF87DD06F1D}"
EndProject
Project("{FAE04EC0-301F-11D3-BF4B-00C04F79EFBC}") = "BiendeoCHLib", "BiendeoCHLib\BiendeoCHLib.csproj", "{9B89D9F0-9D7F-4AB0-863A-C9BDEEEC91BC}"
EndProject
Global
	GlobalSection(SharedMSBuildProjectFiles) = preSolution
		Common\Common.projitems*{1b27bfcc-1305-439e-b304-9f215b75cb16}*SharedItemsImports = 4
		Common\Common.projitems*{55140311-41d2-477c-9dd5-2cab0c829ef7}*SharedItemsImports = 4
		Common\Common.projitems*{6ba711cb-ed1d-49e7-b371-d06ccc215e2c}*SharedItemsImports = 4
		Common\Common.projitems*{706a2c43-585e-4fe2-834f-aeaea234735c}*SharedItemsImports = 4
		Common\Common.projitems*{8bc6874b-773f-4914-aadc-dee82a721796}*SharedItemsImports = 13
		Common\Common.projitems*{ba46ac28-f9ca-48cc-8abc-aef87dd06f1d}*SharedItemsImports = 4
	EndGlobalSection
	GlobalSection(SolutionConfigurationPlatforms) = preSolution
		Debug|Any CPU = Debug|Any CPU
		Debug|x64 = Debug|x64
		Release|Any CPU = Release|Any CPU
		Release|x64 = Release|x64
	EndGlobalSection
	GlobalSection(ProjectConfigurationPlatforms) = postSolution
		{6BA711CB-ED1D-49E7-B371-D06CCC215E2C}.Debug|Any CPU.ActiveCfg = Debug|Any CPU
		{6BA711CB-ED1D-49E7-B371-D06CCC215E2C}.Debug|Any CPU.Build.0 = Debug|Any CPU
		{6BA711CB-ED1D-49E7-B371-D06CCC215E2C}.Debug|x64.ActiveCfg = Debug|Any CPU
		{6BA711CB-ED1D-49E7-B371-D06CCC215E2C}.Debug|x64.Build.0 = Debug|Any CPU
		{6BA711CB-ED1D-49E7-B371-D06CCC215E2C}.Release|Any CPU.ActiveCfg = Release|Any CPU
		{6BA711CB-ED1D-49E7-B371-D06CCC215E2C}.Release|Any CPU.Build.0 = Release|Any CPU
		{6BA711CB-ED1D-49E7-B371-D06CCC215E2C}.Release|x64.ActiveCfg = Release|Any CPU
		{6BA711CB-ED1D-49E7-B371-D06CCC215E2C}.Release|x64.Build.0 = Release|Any CPU
		{1B27BFCC-1305-439E-B304-9F215B75CB16}.Debug|Any CPU.ActiveCfg = Debug|Any CPU
		{1B27BFCC-1305-439E-B304-9F215B75CB16}.Debug|Any CPU.Build.0 = Debug|Any CPU
		{1B27BFCC-1305-439E-B304-9F215B75CB16}.Debug|x64.ActiveCfg = Debug|Any CPU
		{1B27BFCC-1305-439E-B304-9F215B75CB16}.Debug|x64.Build.0 = Debug|Any CPU
		{1B27BFCC-1305-439E-B304-9F215B75CB16}.Release|Any CPU.ActiveCfg = Release|Any CPU
		{1B27BFCC-1305-439E-B304-9F215B75CB16}.Release|Any CPU.Build.0 = Release|Any CPU
		{1B27BFCC-1305-439E-B304-9F215B75CB16}.Release|x64.ActiveCfg = Release|Any CPU
		{1B27BFCC-1305-439E-B304-9F215B75CB16}.Release|x64.Build.0 = Release|Any CPU
		{90FE6B48-8612-42C6-82CC-D49A606BDCBA}.Debug|Any CPU.ActiveCfg = Debug|Any CPU
		{90FE6B48-8612-42C6-82CC-D49A606BDCBA}.Debug|Any CPU.Build.0 = Debug|Any CPU
		{90FE6B48-8612-42C6-82CC-D49A606BDCBA}.Debug|x64.ActiveCfg = Debug|Any CPU
		{90FE6B48-8612-42C6-82CC-D49A606BDCBA}.Debug|x64.Build.0 = Debug|Any CPU
		{90FE6B48-8612-42C6-82CC-D49A606BDCBA}.Release|Any CPU.ActiveCfg = Release|Any CPU
		{90FE6B48-8612-42C6-82CC-D49A606BDCBA}.Release|Any CPU.Build.0 = Release|Any CPU
		{90FE6B48-8612-42C6-82CC-D49A606BDCBA}.Release|x64.ActiveCfg = Release|Any CPU
		{90FE6B48-8612-42C6-82CC-D49A606BDCBA}.Release|x64.Build.0 = Release|Any CPU
		{55140311-41D2-477C-9DD5-2CAB0C829EF7}.Debug|Any CPU.ActiveCfg = Debug|Any CPU
		{55140311-41D2-477C-9DD5-2CAB0C829EF7}.Debug|Any CPU.Build.0 = Debug|Any CPU
		{55140311-41D2-477C-9DD5-2CAB0C829EF7}.Debug|x64.ActiveCfg = Debug|Any CPU
		{55140311-41D2-477C-9DD5-2CAB0C829EF7}.Debug|x64.Build.0 = Debug|Any CPU
		{55140311-41D2-477C-9DD5-2CAB0C829EF7}.Release|Any CPU.ActiveCfg = Release|Any CPU
		{55140311-41D2-477C-9DD5-2CAB0C829EF7}.Release|Any CPU.Build.0 = Release|Any CPU
		{55140311-41D2-477C-9DD5-2CAB0C829EF7}.Release|x64.ActiveCfg = Release|Any CPU
		{55140311-41D2-477C-9DD5-2CAB0C829EF7}.Release|x64.Build.0 = Release|Any CPU
		{706A2C43-585E-4FE2-834F-AEAEA234735C}.Debug|Any CPU.ActiveCfg = Debug|Any CPU
		{706A2C43-585E-4FE2-834F-AEAEA234735C}.Debug|Any CPU.Build.0 = Debug|Any CPU
		{706A2C43-585E-4FE2-834F-AEAEA234735C}.Debug|x64.ActiveCfg = Debug|Any CPU
		{706A2C43-585E-4FE2-834F-AEAEA234735C}.Debug|x64.Build.0 = Debug|Any CPU
		{706A2C43-585E-4FE2-834F-AEAEA234735C}.Release|Any CPU.ActiveCfg = Release|Any CPU
		{706A2C43-585E-4FE2-834F-AEAEA234735C}.Release|Any CPU.Build.0 = Release|Any CPU
		{706A2C43-585E-4FE2-834F-AEAEA234735C}.Release|x64.ActiveCfg = Release|Any CPU
		{706A2C43-585E-4FE2-834F-AEAEA234735C}.Release|x64.Build.0 = Release|Any CPU
		{BA46AC28-F9CA-48CC-8ABC-AEF87DD06F1D}.Debug|Any CPU.ActiveCfg = Debug|Any CPU
		{BA46AC28-F9CA-48CC-8ABC-AEF87DD06F1D}.Debug|Any CPU.Build.0 = Debug|Any CPU
		{BA46AC28-F9CA-48CC-8ABC-AEF87DD06F1D}.Debug|x64.ActiveCfg = Debug|Any CPU
		{BA46AC28-F9CA-48CC-8ABC-AEF87DD06F1D}.Debug|x64.Build.0 = Debug|Any CPU
		{BA46AC28-F9CA-48CC-8ABC-AEF87DD06F1D}.Release|Any CPU.ActiveCfg = Release|Any CPU
		{BA46AC28-F9CA-48CC-8ABC-AEF87DD06F1D}.Release|Any CPU.Build.0 = Release|Any CPU
		{BA46AC28-F9CA-48CC-8ABC-AEF87DD06F1D}.Release|x64.ActiveCfg = Release|Any CPU
		{BA46AC28-F9CA-48CC-8ABC-AEF87DD06F1D}.Release|x64.Build.0 = Release|Any CPU
		{9B89D9F0-9D7F-4AB0-863A-C9BDEEEC91BC}.Debug|Any CPU.ActiveCfg = Debug|Any CPU
		{9B89D9F0-9D7F-4AB0-863A-C9BDEEEC91BC}.Debug|Any CPU.Build.0 = Debug|Any CPU
		{9B89D9F0-9D7F-4AB0-863A-C9BDEEEC91BC}.Debug|x64.ActiveCfg = Debug|Any CPU
		{9B89D9F0-9D7F-4AB0-863A-C9BDEEEC91BC}.Debug|x64.Build.0 = Debug|Any CPU
		{9B89D9F0-9D7F-4AB0-863A-C9BDEEEC91BC}.Release|Any CPU.ActiveCfg = Release|Any CPU
		{9B89D9F0-9D7F-4AB0-863A-C9BDEEEC91BC}.Release|Any CPU.Build.0 = Release|Any CPU
		{9B89D9F0-9D7F-4AB0-863A-C9BDEEEC91BC}.Release|x64.ActiveCfg = Release|Any CPU
		{9B89D9F0-9D7F-4AB0-863A-C9BDEEEC91BC}.Release|x64.Build.0 = Release|Any CPU
	EndGlobalSection
	GlobalSection(SolutionProperties) = preSolution
		HideSolutionNode = FALSE
	EndGlobalSection
	GlobalSection(ExtensibilityGlobals) = postSolution
		SolutionGuid = {0E09467C-48AA-4A96-B9A6-E9BE7FD1E3BB}
	EndGlobalSection
EndGlobal
